
Microsoft Visual Studio Solution File, Format Version 12.00
# Visual Studio Version 17
VisualStudioVersion = 17.0.31903.59
MinimumVisualStudioVersion = 10.0.40219.1
Project("{FAE04EC0-301F-11D3-BF4B-00C04F79EFBC}") = "CI-platform", "CI-platform\CI-platform.csproj", "{20224C82-12E8-47BC-95D7-672AE9953017}"
EndProject
Global
	GlobalSection(SolutionConfigurationPlatforms) = preSolution
		Debug|Any CPU = Debug|Any CPU
		Release|Any CPU = Release|Any CPU
	EndGlobalSection
	GlobalSection(ProjectConfigurationPlatforms) = postSolution
		{20224C82-12E8-47BC-95D7-672AE9953017}.Debug|Any CPU.ActiveCfg = Debug|Any CPU
		{20224C82-12E8-47BC-95D7-672AE9953017}.Debug|Any CPU.Build.0 = Debug|Any CPU
		{20224C82-12E8-47BC-95D7-672AE9953017}.Release|Any CPU.ActiveCfg = Release|Any CPU
		{20224C82-12E8-47BC-95D7-672AE9953017}.Release|Any CPU.Build.0 = Release|Any CPU
	EndGlobalSection
	GlobalSection(SolutionProperties) = preSolution
		HideSolutionNode = FALSE
	EndGlobalSection
	GlobalSection(ExtensibilityGlobals) = postSolution
		SolutionGuid = {6097EA56-F819-46CC-9CCC-F5CE6A9D7032}
	EndGlobalSection
EndGlobal
